
Microsoft Visual Studio Solution File, Format Version 12.00
# Visual Studio 14
VisualStudioVersion = 14.0.25123.0
MinimumVisualStudioVersion = 10.0.40219.1
Project("{FAE04EC0-301F-11D3-BF4B-00C04F79EFBC}") = "XpMan.XmasTree", "XpMan.XmasTree\XpMan.XmasTree.csproj", "{335BA040-82B9-43A2-A6CD-03E1F9770538}"
EndProject
Project("{FAE04EC0-301F-11D3-BF4B-00C04F79EFBC}") = "XpMan.XmasTree.Tests", "XpMan.XmasTree.Tests\XpMan.XmasTree.Tests.csproj", "{6B3C0418-766E-414C-BD69-F1E81CE5576A}"
EndProject
Global
	GlobalSection(SolutionConfigurationPlatforms) = preSolution
		Debug|Any CPU = Debug|Any CPU
		Release|Any CPU = Release|Any CPU
	EndGlobalSection
	GlobalSection(ProjectConfigurationPlatforms) = postSolution
		{335BA040-82B9-43A2-A6CD-03E1F9770538}.Debug|Any CPU.ActiveCfg = Debug|Any CPU
		{335BA040-82B9-43A2-A6CD-03E1F9770538}.Debug|Any CPU.Build.0 = Debug|Any CPU
		{335BA040-82B9-43A2-A6CD-03E1F9770538}.Release|Any CPU.ActiveCfg = Release|Any CPU
		{335BA040-82B9-43A2-A6CD-03E1F9770538}.Release|Any CPU.Build.0 = Release|Any CPU
		{6B3C0418-766E-414C-BD69-F1E81CE5576A}.Debug|Any CPU.ActiveCfg = Debug|Any CPU
		{6B3C0418-766E-414C-BD69-F1E81CE5576A}.Debug|Any CPU.Build.0 = Debug|Any CPU
		{6B3C0418-766E-414C-BD69-F1E81CE5576A}.Release|Any CPU.ActiveCfg = Release|Any CPU
		{6B3C0418-766E-414C-BD69-F1E81CE5576A}.Release|Any CPU.Build.0 = Release|Any CPU
	EndGlobalSection
	GlobalSection(SolutionProperties) = preSolution
		HideSolutionNode = FALSE
	EndGlobalSection
EndGlobal
